
Microsoft Visual Studio Solution File, Format Version 12.00
# Visual Studio 15
VisualStudioVersion = 15.0.28307.136
MinimumVisualStudioVersion = 10.0.40219.1
Project("{9A19103F-16F7-4668-BE54-9A1E7A4F7556}") = "Factory", "Factory\Factory.csproj", "{ECEB77DB-17F8-4AC4-8266-E45F8DDFE42B}"
EndProject
Project("{FAE04EC0-301F-11D3-BF4B-00C04F79EFBC}") = "Factory.Tests", "Factory.Tests\Factory.Tests.csproj", "{4FE09F57-9CC6-45F9-8EF9-53DE0567B4C4}"
EndProject
Global
	GlobalSection(SolutionConfigurationPlatforms) = preSolution
		Debug|Any CPU = Debug|Any CPU
		Release|Any CPU = Release|Any CPU
	EndGlobalSection
	GlobalSection(ProjectConfigurationPlatforms) = postSolution
		{ECEB77DB-17F8-4AC4-8266-E45F8DDFE42B}.Debug|Any CPU.ActiveCfg = Debug|Any CPU
		{ECEB77DB-17F8-4AC4-8266-E45F8DDFE42B}.Debug|Any CPU.Build.0 = Debug|Any CPU
		{ECEB77DB-17F8-4AC4-8266-E45F8DDFE42B}.Release|Any CPU.ActiveCfg = Release|Any CPU
		{ECEB77DB-17F8-4AC4-8266-E45F8DDFE42B}.Release|Any CPU.Build.0 = Release|Any CPU
		{4FE09F57-9CC6-45F9-8EF9-53DE0567B4C4}.Debug|Any CPU.ActiveCfg = Debug|Any CPU
		{4FE09F57-9CC6-45F9-8EF9-53DE0567B4C4}.Debug|Any CPU.Build.0 = Debug|Any CPU
		{4FE09F57-9CC6-45F9-8EF9-53DE0567B4C4}.Release|Any CPU.ActiveCfg = Release|Any CPU
		{4FE09F57-9CC6-45F9-8EF9-53DE0567B4C4}.Release|Any CPU.Build.0 = Release|Any CPU
	EndGlobalSection
	GlobalSection(SolutionProperties) = preSolution
		HideSolutionNode = FALSE
	EndGlobalSection
	GlobalSection(ExtensibilityGlobals) = postSolution
		SolutionGuid = {8013A814-95AC-4BB1-9283-38FF43FC55B3}
	EndGlobalSection
EndGlobal
