
Microsoft Visual Studio Solution File, Format Version 12.00
# Visual Studio 15
VisualStudioVersion = 15.0.27130.2027
MinimumVisualStudioVersion = 10.0.40219.1
Project("{FAE04EC0-301F-11D3-BF4B-00C04F79EFBC}") = "Point", "Point\Point.csproj", "{94B8B8BA-22C6-4282-9E1E-5C40705728D4}"
EndProject
Global
	GlobalSection(SolutionConfigurationPlatforms) = preSolution
		Debug|Any CPU = Debug|Any CPU
		Release|Any CPU = Release|Any CPU
	EndGlobalSection
	GlobalSection(ProjectConfigurationPlatforms) = postSolution
		{94B8B8BA-22C6-4282-9E1E-5C40705728D4}.Debug|Any CPU.ActiveCfg = Debug|Any CPU
		{94B8B8BA-22C6-4282-9E1E-5C40705728D4}.Debug|Any CPU.Build.0 = Debug|Any CPU
		{94B8B8BA-22C6-4282-9E1E-5C40705728D4}.Release|Any CPU.ActiveCfg = Release|Any CPU
		{94B8B8BA-22C6-4282-9E1E-5C40705728D4}.Release|Any CPU.Build.0 = Release|Any CPU
	EndGlobalSection
	GlobalSection(SolutionProperties) = preSolution
		HideSolutionNode = FALSE
	EndGlobalSection
	GlobalSection(ExtensibilityGlobals) = postSolution
		SolutionGuid = {337AA771-2E53-4850-B1B3-5EA32855458B}
	EndGlobalSection
EndGlobal
